
Microsoft Visual Studio Solution File, Format Version 12.00
# Visual Studio 15
VisualStudioVersion = 15.0.27130.2010
MinimumVisualStudioVersion = 10.0.40219.1
Project("{8BC9CEB8-8B4A-11D0-8D11-00A0C91BC942}") = "Project1", "Project1\Project1.vcxproj", "{0A9CB689-03E3-4AB3-985A-F1CC9F50C4F9}"
EndProject
Global
	GlobalSection(SolutionConfigurationPlatforms) = preSolution
		Debug|x64 = Debug|x64
		Debug|x86 = Debug|x86
		Release|x64 = Release|x64
		Release|x86 = Release|x86
	EndGlobalSection
	GlobalSection(ProjectConfigurationPlatforms) = postSolution
		{0A9CB689-03E3-4AB3-985A-F1CC9F50C4F9}.Debug|x64.ActiveCfg = Debug|x64
		{0A9CB689-03E3-4AB3-985A-F1CC9F50C4F9}.Debug|x64.Build.0 = Debug|x64
		{0A9CB689-03E3-4AB3-985A-F1CC9F50C4F9}.Debug|x86.ActiveCfg = Debug|Win32
		{0A9CB689-03E3-4AB3-985A-F1CC9F50C4F9}.Debug|x86.Build.0 = Debug|Win32
		{0A9CB689-03E3-4AB3-985A-F1CC9F50C4F9}.Release|x64.ActiveCfg = Release|x64
		{0A9CB689-03E3-4AB3-985A-F1CC9F50C4F9}.Release|x64.Build.0 = Release|x64
		{0A9CB689-03E3-4AB3-985A-F1CC9F50C4F9}.Release|x86.ActiveCfg = Release|Win32
		{0A9CB689-03E3-4AB3-985A-F1CC9F50C4F9}.Release|x86.Build.0 = Release|Win32
	EndGlobalSection
	GlobalSection(SolutionProperties) = preSolution
		HideSolutionNode = FALSE
	EndGlobalSection
	GlobalSection(ExtensibilityGlobals) = postSolution
		SolutionGuid = {8E734F80-44C3-4EF1-87BA-987566FBD80A}
	EndGlobalSection
EndGlobal
